
Microsoft Visual Studio Solution File, Format Version 12.00
# Visual Studio Version 17
VisualStudioVersion = 17.2.32516.85
MinimumVisualStudioVersion = 10.0.40219.1
Project("{9A19103F-16F7-4668-BE54-9A1E7A4F7556}") = "wyplaty", "wyplaty.csproj", "{51BFF8A9-FC15-4649-B5CF-9B1E8D00FD72}"
EndProject
Global
	GlobalSection(SolutionConfigurationPlatforms) = preSolution
		Debug|Any CPU = Debug|Any CPU
		Release|Any CPU = Release|Any CPU
	EndGlobalSection
	GlobalSection(ProjectConfigurationPlatforms) = postSolution
		{51BFF8A9-FC15-4649-B5CF-9B1E8D00FD72}.Debug|Any CPU.ActiveCfg = Debug|Any CPU
		{51BFF8A9-FC15-4649-B5CF-9B1E8D00FD72}.Debug|Any CPU.Build.0 = Debug|Any CPU
		{51BFF8A9-FC15-4649-B5CF-9B1E8D00FD72}.Release|Any CPU.ActiveCfg = Release|Any CPU
		{51BFF8A9-FC15-4649-B5CF-9B1E8D00FD72}.Release|Any CPU.Build.0 = Release|Any CPU
	EndGlobalSection
	GlobalSection(SolutionProperties) = preSolution
		HideSolutionNode = FALSE
	EndGlobalSection
	GlobalSection(ExtensibilityGlobals) = postSolution
		SolutionGuid = {A3978A35-F922-431E-9C39-E0041B88B50A}
	EndGlobalSection
EndGlobal
